
Microsoft Visual Studio Solution File, Format Version 11.00
# Visual Studio 2010
Project("{FAE04EC0-301F-11D3-BF4B-00C04F79EFBC}") = "Assembly-CSharp", "Assembly-CSharp.csproj", "{2053AA52-9BD7-9711-81A1-353CE4BF990B}"
EndProject
Project("{FAE04EC0-301F-11D3-BF4B-00C04F79EFBC}") = "Assembly-CSharp-firstpass", "Assembly-CSharp-firstpass.csproj", "{AE52A16C-D754-F1F4-5BE1-B4BEC85D35F8}"
EndProject
Global
	GlobalSection(SolutionConfigurationPlatforms) = preSolution
		Debug|Any CPU = Debug|Any CPU
		Release|Any CPU = Release|Any CPU
	EndGlobalSection
	GlobalSection(ProjectConfigurationPlatforms) = postSolution
		{2053AA52-9BD7-9711-81A1-353CE4BF990B}.Debug|Any CPU.ActiveCfg = Debug|Any CPU
		{2053AA52-9BD7-9711-81A1-353CE4BF990B}.Debug|Any CPU.Build.0 = Debug|Any CPU
		{2053AA52-9BD7-9711-81A1-353CE4BF990B}.Release|Any CPU.ActiveCfg = Release|Any CPU
		{2053AA52-9BD7-9711-81A1-353CE4BF990B}.Release|Any CPU.Build.0 = Release|Any CPU
		{AE52A16C-D754-F1F4-5BE1-B4BEC85D35F8}.Debug|Any CPU.ActiveCfg = Debug|Any CPU
		{AE52A16C-D754-F1F4-5BE1-B4BEC85D35F8}.Debug|Any CPU.Build.0 = Debug|Any CPU
		{AE52A16C-D754-F1F4-5BE1-B4BEC85D35F8}.Release|Any CPU.ActiveCfg = Release|Any CPU
		{AE52A16C-D754-F1F4-5BE1-B4BEC85D35F8}.Release|Any CPU.Build.0 = Release|Any CPU
	EndGlobalSection
	GlobalSection(SolutionProperties) = preSolution
		HideSolutionNode = FALSE
	EndGlobalSection
EndGlobal
